
Microsoft Visual Studio Solution File, Format Version 12.00
# Visual Studio Version 17
VisualStudioVersion = 17.0.31903.59
MinimumVisualStudioVersion = 10.0.40219.1
Project("{2150E333-8FDC-42A3-9474-1A3956D46DE8}") = "src", "src", "{827E0CD3-B72D-47B6-A68D-7590B98EB39B}"
EndProject
Project("{FAE04EC0-301F-11D3-BF4B-00C04F79EFBC}") = "EasyAuthLocalEmulator", "src\EasyAuthLocalEmulator\EasyAuthLocalEmulator.csproj", "{CD40EF9C-F2D7-4AD5-87DB-C1F576BA6608}"
EndProject
Project("{2150E333-8FDC-42A3-9474-1A3956D46DE8}") = "tests", "tests", "{0AB3BF05-4346-4AA6-1389-037BE0695223}"
EndProject
Project("{FAE04EC0-301F-11D3-BF4B-00C04F79EFBC}") = "EasyAuthLocalEmulator.UnitTests", "tests\EasyAuthLocalEmulator.UnitTests\EasyAuthLocalEmulator.UnitTests.csproj", "{E08B480D-84ED-4D82-A795-EF6A542433F0}"
EndProject
Project("{FAE04EC0-301F-11D3-BF4B-00C04F79EFBC}") = "EasyAuthLocalEmulator.BrowserTests", "tests\EasyAuthLocalEmulator.BrowserTests\EasyAuthLocalEmulator.BrowserTests.csproj", "{27B3D3B3-87DB-476A-AB1A-925DDB568594}"
EndProject
Project("{2150E333-8FDC-42A3-9474-1A3956D46DE8}") = "samples", "samples", "{5D20AA90-6969-D8BD-9DCD-8634F4692FDA}"
EndProject
Project("{FAE04EC0-301F-11D3-BF4B-00C04F79EFBC}") = "EasyAuthLocalEmulator.SampleApp", "samples\EasyAuthLocalEmulator.SampleApp\EasyAuthLocalEmulator.SampleApp.csproj", "{4BCF6308-8559-4AC3-9FF1-5051D0EF5B30}"
EndProject
Global
	GlobalSection(SolutionConfigurationPlatforms) = preSolution
		Debug|Any CPU = Debug|Any CPU
		Debug|x64 = Debug|x64
		Debug|x86 = Debug|x86
		Release|Any CPU = Release|Any CPU
		Release|x64 = Release|x64
		Release|x86 = Release|x86
	EndGlobalSection
	GlobalSection(ProjectConfigurationPlatforms) = postSolution
		{CD40EF9C-F2D7-4AD5-87DB-C1F576BA6608}.Debug|Any CPU.ActiveCfg = Debug|Any CPU
		{CD40EF9C-F2D7-4AD5-87DB-C1F576BA6608}.Debug|Any CPU.Build.0 = Debug|Any CPU
		{CD40EF9C-F2D7-4AD5-87DB-C1F576BA6608}.Debug|x64.ActiveCfg = Debug|Any CPU
		{CD40EF9C-F2D7-4AD5-87DB-C1F576BA6608}.Debug|x64.Build.0 = Debug|Any CPU
		{CD40EF9C-F2D7-4AD5-87DB-C1F576BA6608}.Debug|x86.ActiveCfg = Debug|Any CPU
		{CD40EF9C-F2D7-4AD5-87DB-C1F576BA6608}.Debug|x86.Build.0 = Debug|Any CPU
		{CD40EF9C-F2D7-4AD5-87DB-C1F576BA6608}.Release|Any CPU.ActiveCfg = Release|Any CPU
		{CD40EF9C-F2D7-4AD5-87DB-C1F576BA6608}.Release|Any CPU.Build.0 = Release|Any CPU
		{CD40EF9C-F2D7-4AD5-87DB-C1F576BA6608}.Release|x64.ActiveCfg = Release|Any CPU
		{CD40EF9C-F2D7-4AD5-87DB-C1F576BA6608}.Release|x64.Build.0 = Release|Any CPU
		{CD40EF9C-F2D7-4AD5-87DB-C1F576BA6608}.Release|x86.ActiveCfg = Release|Any CPU
		{CD40EF9C-F2D7-4AD5-87DB-C1F576BA6608}.Release|x86.Build.0 = Release|Any CPU
		{E08B480D-84ED-4D82-A795-EF6A542433F0}.Debug|Any CPU.ActiveCfg = Debug|Any CPU
		{E08B480D-84ED-4D82-A795-EF6A542433F0}.Debug|Any CPU.Build.0 = Debug|Any CPU
		{E08B480D-84ED-4D82-A795-EF6A542433F0}.Debug|x64.ActiveCfg = Debug|Any CPU
		{E08B480D-84ED-4D82-A795-EF6A542433F0}.Debug|x64.Build.0 = Debug|Any CPU
		{E08B480D-84ED-4D82-A795-EF6A542433F0}.Debug|x86.ActiveCfg = Debug|Any CPU
		{E08B480D-84ED-4D82-A795-EF6A542433F0}.Debug|x86.Build.0 = Debug|Any CPU
		{E08B480D-84ED-4D82-A795-EF6A542433F0}.Release|Any CPU.ActiveCfg = Release|Any CPU
		{E08B480D-84ED-4D82-A795-EF6A542433F0}.Release|Any CPU.Build.0 = Release|Any CPU
		{E08B480D-84ED-4D82-A795-EF6A542433F0}.Release|x64.ActiveCfg = Release|Any CPU
		{E08B480D-84ED-4D82-A795-EF6A542433F0}.Release|x64.Build.0 = Release|Any CPU
		{E08B480D-84ED-4D82-A795-EF6A542433F0}.Release|x86.ActiveCfg = Release|Any CPU
		{E08B480D-84ED-4D82-A795-EF6A542433F0}.Release|x86.Build.0 = Release|Any CPU
		{27B3D3B3-87DB-476A-AB1A-925DDB568594}.Debug|Any CPU.ActiveCfg = Debug|Any CPU
		{27B3D3B3-87DB-476A-AB1A-925DDB568594}.Debug|Any CPU.Build.0 = Debug|Any CPU
		{27B3D3B3-87DB-476A-AB1A-925DDB568594}.Debug|x64.ActiveCfg = Debug|Any CPU
		{27B3D3B3-87DB-476A-AB1A-925DDB568594}.Debug|x64.Build.0 = Debug|Any CPU
		{27B3D3B3-87DB-476A-AB1A-925DDB568594}.Debug|x86.ActiveCfg = Debug|Any CPU
		{27B3D3B3-87DB-476A-AB1A-925DDB568594}.Debug|x86.Build.0 = Debug|Any CPU
		{27B3D3B3-87DB-476A-AB1A-925DDB568594}.Release|Any CPU.ActiveCfg = Release|Any CPU
		{27B3D3B3-87DB-476A-AB1A-925DDB568594}.Release|Any CPU.Build.0 = Release|Any CPU
		{27B3D3B3-87DB-476A-AB1A-925DDB568594}.Release|x64.ActiveCfg = Release|Any CPU
		{27B3D3B3-87DB-476A-AB1A-925DDB568594}.Release|x64.Build.0 = Release|Any CPU
		{27B3D3B3-87DB-476A-AB1A-925DDB568594}.Release|x86.ActiveCfg = Release|Any CPU
		{27B3D3B3-87DB-476A-AB1A-925DDB568594}.Release|x86.Build.0 = Release|Any CPU
		{4BCF6308-8559-4AC3-9FF1-5051D0EF5B30}.Debug|Any CPU.ActiveCfg = Debug|Any CPU
		{4BCF6308-8559-4AC3-9FF1-5051D0EF5B30}.Debug|Any CPU.Build.0 = Debug|Any CPU
		{4BCF6308-8559-4AC3-9FF1-5051D0EF5B30}.Debug|x64.ActiveCfg = Debug|Any CPU
		{4BCF6308-8559-4AC3-9FF1-5051D0EF5B30}.Debug|x64.Build.0 = Debug|Any CPU
		{4BCF6308-8559-4AC3-9FF1-5051D0EF5B30}.Debug|x86.ActiveCfg = Debug|Any CPU
		{4BCF6308-8559-4AC3-9FF1-5051D0EF5B30}.Debug|x86.Build.0 = Debug|Any CPU
		{4BCF6308-8559-4AC3-9FF1-5051D0EF5B30}.Release|Any CPU.ActiveCfg = Release|Any CPU
		{4BCF6308-8559-4AC3-9FF1-5051D0EF5B30}.Release|Any CPU.Build.0 = Release|Any CPU
		{4BCF6308-8559-4AC3-9FF1-5051D0EF5B30}.Release|x64.ActiveCfg = Release|Any CPU
		{4BCF6308-8559-4AC3-9FF1-5051D0EF5B30}.Release|x64.Build.0 = Release|Any CPU
		{4BCF6308-8559-4AC3-9FF1-5051D0EF5B30}.Release|x86.ActiveCfg = Release|Any CPU
		{4BCF6308-8559-4AC3-9FF1-5051D0EF5B30}.Release|x86.Build.0 = Release|Any CPU
	EndGlobalSection
	GlobalSection(SolutionProperties) = preSolution
		HideSolutionNode = FALSE
	EndGlobalSection
	GlobalSection(NestedProjects) = preSolution
		{CD40EF9C-F2D7-4AD5-87DB-C1F576BA6608} = {827E0CD3-B72D-47B6-A68D-7590B98EB39B}
		{E08B480D-84ED-4D82-A795-EF6A542433F0} = {0AB3BF05-4346-4AA6-1389-037BE0695223}
		{27B3D3B3-87DB-476A-AB1A-925DDB568594} = {0AB3BF05-4346-4AA6-1389-037BE0695223}
		{4BCF6308-8559-4AC3-9FF1-5051D0EF5B30} = {5D20AA90-6969-D8BD-9DCD-8634F4692FDA}
	EndGlobalSection
EndGlobal
